
Microsoft Visual Studio Solution File, Format Version 12.00
# Visual Studio 14
VisualStudioVersion = 14.0.22823.1
MinimumVisualStudioVersion = 10.0.40219.1
Project("{FAE04EC0-301F-11D3-BF4B-00C04F79EFBC}") = "Bank", "Bank\Bank.csproj", "{300106D9-C090-4DDB-BB41-FFC1AAD29844}"
EndProject
Project("{FAE04EC0-301F-11D3-BF4B-00C04F79EFBC}") = "BankTest", "BankTest\BankTest.csproj", "{C22A595E-7EF6-4578-A7B3-49F80A204E29}"
EndProject
Global
	GlobalSection(SolutionConfigurationPlatforms) = preSolution
		Debug|Any CPU = Debug|Any CPU
		Release|Any CPU = Release|Any CPU
	EndGlobalSection
	GlobalSection(ProjectConfigurationPlatforms) = postSolution
		{300106D9-C090-4DDB-BB41-FFC1AAD29844}.Debug|Any CPU.ActiveCfg = Debug|Any CPU
		{300106D9-C090-4DDB-BB41-FFC1AAD29844}.Debug|Any CPU.Build.0 = Debug|Any CPU
		{300106D9-C090-4DDB-BB41-FFC1AAD29844}.Release|Any CPU.ActiveCfg = Release|Any CPU
		{300106D9-C090-4DDB-BB41-FFC1AAD29844}.Release|Any CPU.Build.0 = Release|Any CPU
		{C22A595E-7EF6-4578-A7B3-49F80A204E29}.Debug|Any CPU.ActiveCfg = Debug|Any CPU
		{C22A595E-7EF6-4578-A7B3-49F80A204E29}.Debug|Any CPU.Build.0 = Debug|Any CPU
		{C22A595E-7EF6-4578-A7B3-49F80A204E29}.Release|Any CPU.ActiveCfg = Release|Any CPU
		{C22A595E-7EF6-4578-A7B3-49F80A204E29}.Release|Any CPU.Build.0 = Release|Any CPU
	EndGlobalSection
	GlobalSection(SolutionProperties) = preSolution
		HideSolutionNode = FALSE
	EndGlobalSection
EndGlobal
